schema: '2.0'
stages:
  train:
    cmd: python -m train
    deps:
    - path: data/GOLD_XYZ_OSC.0001_1024.hdf5
      hash: md5
      md5: 13c38751da99a2739fdc04029a86b8e9
      size: 21449148312
    - path: dataset.py
      hash: md5
      md5: 098d3a3ea30571b048605c4de0818496
      size: 5248
    - path: model.py
      hash: md5
      md5: 381fa3a5566b134df0a6278f5cb162e2
      size: 20348
    - path: train.py
      hash: md5
      md5: 83222aa74efa465b0d21833a52e8f82f
      size: 6513
    params:
      params.yaml:
        dataset:
          path: data/GOLD_XYZ_OSC.0001_1024.hdf5
          signal_to_noise_ratios:
          - -6
          - -4
          - -2
          - 0
          - 2
          - 4
          - 6
          - 8
          - 10
          - 12
          - 14
          - 16
          - 18
          - 20
          - 22
          - 24
          - 26
          - 28
          - 30
          splits:
          - 0.8
          - 0.1
          - 0.1
          seed: 12
          reshape:
          - -1
          - 64
        model:
          num_heads: 8
          num_layers: 2
          bias: true
          emb_dim: 64
          mlp_dim: 256
          norm: batch-norm
          dropout: 0.0
          bits: 2
          input_bits: 8
          output_bits: 4
          num_classes: 24
        seed: 12
        train:
          batch_size: 512
          epochs: 30
          optimizer:
            algorithm: adam
            lr: 0.001
            weight_decay: 1e-06
            betas:
            - 0.9
            - 0.98
            eps: 1e-09
          criterion: cross-entropy
          loader:
            shuffle: true
            num_workers: 10
            prefetch_factor: 4
            persistent_workers: true
            drop_last: true
    outs:
    - path: loss.yaml
      hash: md5
      md5: 925d76704e549271f52dd08713b33eee
      size: 1626
    - path: outputs/model.pt
      hash: md5
      md5: ce73a7d7134bd21f79460390eb192168
      size: 556798
    - path: outputs/optimizer.pt
      hash: md5
      md5: 55513f8928cbd85d3affb0159e0217c4
      size: 860101
  eval:
    cmd: python -m eval
    deps:
    - path: data/GOLD_XYZ_OSC.0001_1024.hdf5
      hash: md5
      md5: 13c38751da99a2739fdc04029a86b8e9
      size: 21449148312
    - path: dataset.py
      hash: md5
      md5: 098d3a3ea30571b048605c4de0818496
      size: 5248
    - path: eval.py
      hash: md5
      md5: e88d5f8dec7cb9f2657a22a194ad064a
      size: 3363
    - path: model.py
      hash: md5
      md5: 381fa3a5566b134df0a6278f5cb162e2
      size: 20348
    - path: outputs/model.pt
      hash: md5
      md5: ce73a7d7134bd21f79460390eb192168
      size: 556798
    params:
      params.yaml:
        dataset:
          path: data/GOLD_XYZ_OSC.0001_1024.hdf5
          signal_to_noise_ratios:
          - -6
          - -4
          - -2
          - 0
          - 2
          - 4
          - 6
          - 8
          - 10
          - 12
          - 14
          - 16
          - 18
          - 20
          - 22
          - 24
          - 26
          - 28
          - 30
          splits:
          - 0.8
          - 0.1
          - 0.1
          seed: 12
          reshape:
          - -1
          - 64
        eval:
          batch_size: 4096
          loader:
            num_workers: 10
            prefetch_factor: 4
            drop_last: false
        model:
          num_heads: 8
          num_layers: 2
          bias: true
          emb_dim: 64
          mlp_dim: 256
          norm: batch-norm
          dropout: 0.0
          bits: 2
          input_bits: 8
          output_bits: 4
          num_classes: 24
        seed: 12
    outs:
    - path: metrics.yaml
      hash: md5
      md5: 3a507379520e9247ccc8bd58128cbc8d
      size: 30
  export:
    cmd: python -m export
    deps:
    - path: data/GOLD_XYZ_OSC.0001_1024.hdf5
      hash: md5
      md5: 13c38751da99a2739fdc04029a86b8e9
      size: 21449148312
    - path: dataset.py
      hash: md5
      md5: 098d3a3ea30571b048605c4de0818496
      size: 5248
    - path: export.py
      hash: md5
      md5: 7b3e475c0de679057ee99057a409e173
      size: 2265
    - path: model.py
      hash: md5
      md5: 381fa3a5566b134df0a6278f5cb162e2
      size: 20348
    - path: outputs/model.pt
      hash: md5
      md5: ce73a7d7134bd21f79460390eb192168
      size: 556798
    params:
      params.yaml:
        dataset:
          path: data/GOLD_XYZ_OSC.0001_1024.hdf5
          signal_to_noise_ratios:
          - -6
          - -4
          - -2
          - 0
          - 2
          - 4
          - 6
          - 8
          - 10
          - 12
          - 14
          - 16
          - 18
          - 20
          - 22
          - 24
          - 26
          - 28
          - 30
          splits:
          - 0.8
          - 0.1
          - 0.1
          seed: 12
          reshape:
          - -1
          - 64
        export:
          opset_version: 14
          do_constant_folding: true
        model:
          num_heads: 8
          num_layers: 2
          bias: true
          emb_dim: 64
          mlp_dim: 256
          norm: batch-norm
          dropout: 0.0
          bits: 2
          input_bits: 8
          output_bits: 4
          num_classes: 24
        seed: 12
    outs:
    - path: outputs/inp.npy
      hash: md5
      md5: 6c2d27154ce5742857957445779bbe44
      size: 8320
    - path: outputs/model.onnx
      hash: md5
      md5: c667700edc2b1d2a2d128e20fcdc0f5c
      size: 490888
    - path: outputs/out.npy
      hash: md5
      md5: 42691670b3243d5daa740a725ca000b7
      size: 3200
