schema: '2.0'
stages:
  train:
    cmd: PARTITION=gpu bash run.sh python -m train
    deps:
    - path: data/GOLD_XYZ_OSC.0001_1024.hdf5
      hash: md5
      md5: 13c38751da99a2739fdc04029a86b8e9
      size: 21449148312
    - path: dataset.py
      hash: md5
      md5: 098d3a3ea30571b048605c4de0818496
      size: 5248
    - path: model.py
      hash: md5
      md5: 780e43d0c1993b3fa302260166784d35
      size: 20925
    - path: noctua.sh
      hash: md5
      md5: f3e8cc342b63cddcd2e07bfe63f6518c
      size: 1832
    - path: run.sh
      hash: md5
      md5: 6e3e34149c16795c5a8424a51bdbf5f8
      size: 1616
    - path: train.py
      hash: md5
      md5: dc1c300ef1d3f80e7641ac496bfb9993
      size: 6505
    params:
      params.yaml:
        dataset:
          path: data/GOLD_XYZ_OSC.0001_1024.hdf5
          signal_to_noise_ratios:
          - -6
          - -4
          - -2
          - 0
          - 2
          - 4
          - 6
          - 8
          - 10
          - 12
          - 14
          - 16
          - 18
          - 20
          - 22
          - 24
          - 26
          - 28
          - 30
          splits:
          - 0.8
          - 0.1
          - 0.1
          seed: 12
          reshape:
          - -1
          - 64
        model:
          num_heads: 8
          num_layers: 2
          bias: true
          emb_dim: 64
          mlp_dim: 256
          norm: batch-norm
          dropout: 0.0
          bits: 4
          input_bits: 8
          output_bits: 7
          num_classes: 24
        seed: 12
        train:
          batch_size: 512
          epochs: 100
          optimizer:
            algorithm: adam
            lr: 0.001
            weight_decay: 0.0
            betas:
            - 0.9
            - 0.98
            eps: 1e-09
          criterion: cross-entropy
          loader:
            shuffle: true
            num_workers: 10
            prefetch_factor: 4
            persistent_workers: true
            drop_last: true
    outs:
    - path: loss.yaml
      hash: md5
      md5: 98d4a3f3d17bd1cd200ceb315b96cadf
      size: 5483
    - path: outputs/model.pt
      hash: md5
      md5: b6f540db088e8eb12ae8adc2baab703a
      size: 552806
    - path: outputs/optimizer.pt
      hash: md5
      md5: 2e57b0ae3d230e97d4d3667567946078
      size: 849413
  eval:
    cmd: python -m eval
    deps:
    - path: data/GOLD_XYZ_OSC.0001_1024.hdf5
      hash: md5
      md5: 13c38751da99a2739fdc04029a86b8e9
      size: 21449148312
    - path: dataset.py
      hash: md5
      md5: 098d3a3ea30571b048605c4de0818496
      size: 5248
    - path: eval.py
      hash: md5
      md5: 1f5c91d220bb950f4682b6822d76b754
      size: 4720
    - path: model.py
      hash: md5
      md5: 780e43d0c1993b3fa302260166784d35
      size: 20925
    - path: outputs/model.pt
      hash: md5
      md5: b6f540db088e8eb12ae8adc2baab703a
      size: 552806
    params:
      params.yaml:
        dataset:
          path: data/GOLD_XYZ_OSC.0001_1024.hdf5
          signal_to_noise_ratios:
          - -6
          - -4
          - -2
          - 0
          - 2
          - 4
          - 6
          - 8
          - 10
          - 12
          - 14
          - 16
          - 18
          - 20
          - 22
          - 24
          - 26
          - 28
          - 30
          splits:
          - 0.8
          - 0.1
          - 0.1
          seed: 12
          reshape:
          - -1
          - 64
        eval:
          batch_size: 4096
          loader:
            num_workers: 10
            prefetch_factor: 4
            drop_last: false
        model:
          num_heads: 8
          num_layers: 2
          bias: true
          emb_dim: 64
          mlp_dim: 256
          norm: batch-norm
          dropout: 0.0
          bits: 4
          input_bits: 8
          output_bits: 7
          num_classes: 24
        seed: 12
    outs:
    - path: accuracy-per-snr.yaml
      hash: md5
      md5: 205eb1ec1c0e60655fd9fea4dbf81281
      size: 699
    - path: accuracy.yaml
      hash: md5
      md5: 40ff349dc4cc46df097971a44f4befd1
      size: 29
    - path: classes.csv
      hash: md5
      md5: e2c29aefad90c5d0d9943c8f92be311c
      size: 961153
  export:
    cmd: python -m export
    deps:
    - path: data/GOLD_XYZ_OSC.0001_1024.hdf5
      hash: md5
      md5: 13c38751da99a2739fdc04029a86b8e9
      size: 21449148312
    - path: dataset.py
      hash: md5
      md5: 098d3a3ea30571b048605c4de0818496
      size: 5248
    - path: export.py
      hash: md5
      md5: b3c309677e1e881ca22d31758c7e84e9
      size: 4507
    - path: model.py
      hash: md5
      md5: 780e43d0c1993b3fa302260166784d35
      size: 20925
    - path: outputs/model.pt
      hash: md5
      md5: b6f540db088e8eb12ae8adc2baab703a
      size: 552806
    params:
      params.yaml:
        dataset:
          path: data/GOLD_XYZ_OSC.0001_1024.hdf5
          signal_to_noise_ratios:
          - -6
          - -4
          - -2
          - 0
          - 2
          - 4
          - 6
          - 8
          - 10
          - 12
          - 14
          - 16
          - 18
          - 20
          - 22
          - 24
          - 26
          - 28
          - 30
          splits:
          - 0.8
          - 0.1
          - 0.1
          seed: 12
          reshape:
          - -1
          - 64
        export:
          opset_version: 14
          do_constant_folding: true
        model:
          num_heads: 8
          num_layers: 2
          bias: true
          emb_dim: 64
          mlp_dim: 256
          norm: batch-norm
          dropout: 0.0
          bits: 4
          input_bits: 8
          output_bits: 7
          num_classes: 24
        seed: 12
    outs:
    - path: outputs/inp.npy
      hash: md5
      md5: 6c2d27154ce5742857957445779bbe44
      size: 8320
    - path: outputs/model.onnx
      hash: md5
      md5: fffe369cccd945ace529f92ab01297dc
      size: 494647
    - path: outputs/out.npy
      hash: md5
      md5: e42d23b0ce2e4b8d16263ff72532bc5d
      size: 3200
  build:
    cmd: bash run.sh '$FINN/run-docker.sh build_custom $(pwd)'
    deps:
    - path: build.py
      hash: md5
      md5: 56edf697ad0158e11f40ba79e034d575
      size: 6665
    - path: build_steps.py
      hash: md5
      md5: 6c4079d603e65b52bc8478ed96244fc9
      size: 11844
    - path: noctua.sh
      hash: md5
      md5: f3e8cc342b63cddcd2e07bfe63f6518c
      size: 1832
    - path: outputs/inp.npy
      hash: md5
      md5: 6c2d27154ce5742857957445779bbe44
      size: 8320
    - path: outputs/model.onnx
      hash: md5
      md5: fffe369cccd945ace529f92ab01297dc
      size: 494647
    - path: outputs/out.npy
      hash: md5
      md5: e42d23b0ce2e4b8d16263ff72532bc5d
      size: 3200
    - path: run.sh
      hash: md5
      md5: 6e3e34149c16795c5a8424a51bdbf5f8
      size: 1616
    - path: transformation/
      hash: md5
      md5: 442571afa6ba9d6d6b1cfcd26f02d34a.dir
      size: 104396
      nfiles: 8
    params:
      params.yaml:
        build:
          finn:
            output_dir: outputs/build
            synth_clk_period_ns: 10.0
            board: RFSoC2x2
            folding_config_file: folding.json
            stitched_ip_gen_dcp: true
          metrics:
            report: outputs/build/report/post_synth_resources.json
            filter: (top)
        seed: 12
      folding.json:
        AddStreams_Batch_0:
          inFIFODepths:
          - 256
          - 256
          PE: 2
        AddStreams_Batch_1:
          inFIFODepths:
          - 256
          - 256
          PE: 2
        AddStreams_Batch_2:
          inFIFODepths:
          - 256
          - 256
          PE: 2
        AddStreams_Batch_3:
          inFIFODepths:
          - 256
          - 256
          PE: 2
        Defaults:
          inFIFODepths:
          - - 2
            - 2
            - 2
            - 2
            - 2
            - 2
            - 2
            - 2
          - all
          outFIFODepths:
          - - 2
            - 2
            - 2
            - 2
            - 2
            - 2
            - 2
            - 2
          - all
          SIMD:
          - 64
          - - MatrixVectorActivation
          PE:
          - 8
          - - MatrixVectorActivation
          ram_style:
          - block
          - - StreamingFIFO
            - MatrixVectorActivation
        ScaledDotProductAttention_0:
          inFIFODepths:
          - 256
          - 256
          - 256
          SeqFold: 32
          EmbFold: 1
        ScaledDotProductAttention_1:
          inFIFODepths:
          - 256
          - 256
          - 256
          SeqFold: 32
          EmbFold: 1
        ScaledDotProductAttention_10:
          inFIFODepths:
          - 256
          - 256
          - 256
          SeqFold: 32
          EmbFold: 1
        ScaledDotProductAttention_11:
          inFIFODepths:
          - 256
          - 256
          - 256
          SeqFold: 32
          EmbFold: 1
        ScaledDotProductAttention_12:
          inFIFODepths:
          - 256
          - 256
          - 256
          SeqFold: 32
          EmbFold: 1
        ScaledDotProductAttention_13:
          inFIFODepths:
          - 256
          - 256
          - 256
          SeqFold: 32
          EmbFold: 1
        ScaledDotProductAttention_14:
          inFIFODepths:
          - 256
          - 256
          - 256
          SeqFold: 32
          EmbFold: 1
        ScaledDotProductAttention_15:
          inFIFODepths:
          - 256
          - 256
          - 256
          SeqFold: 32
          EmbFold: 1
        ScaledDotProductAttention_2:
          inFIFODepths:
          - 256
          - 256
          - 256
          SeqFold: 32
          EmbFold: 1
        ScaledDotProductAttention_3:
          inFIFODepths:
          - 256
          - 256
          - 256
          SeqFold: 32
          EmbFold: 1
        ScaledDotProductAttention_4:
          inFIFODepths:
          - 256
          - 256
          - 256
          SeqFold: 32
          EmbFold: 1
        ScaledDotProductAttention_5:
          inFIFODepths:
          - 256
          - 256
          - 256
          SeqFold: 32
          EmbFold: 1
        ScaledDotProductAttention_6:
          inFIFODepths:
          - 256
          - 256
          - 256
          SeqFold: 32
          EmbFold: 1
        ScaledDotProductAttention_7:
          inFIFODepths:
          - 256
          - 256
          - 256
          SeqFold: 32
          EmbFold: 1
        ScaledDotProductAttention_8:
          inFIFODepths:
          - 256
          - 256
          - 256
          SeqFold: 32
          EmbFold: 1
        ScaledDotProductAttention_9:
          inFIFODepths:
          - 256
          - 256
          - 256
          SeqFold: 32
          EmbFold: 1
        Thresholding_Batch_0:
          PE: 2
        Thresholding_Batch_1:
          PE: 2
        Thresholding_Batch_2:
          PE: 2
        Thresholding_Batch_3:
          PE: 2
        Thresholding_Batch_4:
          PE: 2
        Thresholding_Batch_5:
          PE: 2
        Thresholding_Batch_6:
          PE: 2
        Thresholding_Batch_7:
          PE: 2
        Thresholding_Batch_8:
          PE: 2
    outs:
    - path: outputs/build/
      hash: md5
      md5: 66b93e4eba19a9b23311bd982546a4a2.dir
      size: 2385394426
      nfiles: 11371
    - path: resources.yaml
      hash: md5
      md5: 609232ae3576f31079fd597747d17993
      size: 78
